// !$*UTF8*$!
{
	archiveVersion = 1;
	classes = {
	};
	objectVersion = 48;
	objects = {

/* Begin PBXBuildFile section */
		465157E42004C02800B0CEC7 /* CTCalDateCalculationUtils.swift in Sources */ = {isa = PBXBuildFile; fileRef = 465157E32004C02800B0CEC7 /* CTCalDateCalculationUtils.swift */; };
		465157E72005194700B0CEC7 /* CTCoreDataController.swift in Sources */ = {isa = PBXBuildFile; fileRef = 465157E62005194700B0CEC7 /* CTCoreDataController.swift */; };
		465157EA2005196300B0CEC7 /* CTEventModel.xcdatamodeld in Sources */ = {isa = PBXBuildFile; fileRef = 465157E82005196300B0CEC7 /* CTEventModel.xcdatamodeld */; };
		465157EE20051D6C00B0CEC7 /* CTAppRootViewController.swift in Sources */ = {isa = PBXBuildFile; fileRef = 465157EC20051D6C00B0CEC7 /* CTAppRootViewController.swift */; };
		465157EF20051D6C00B0CEC7 /* CTAppRootViewController.xib in Resources */ = {isa = PBXBuildFile; fileRef = 465157ED20051D6C00B0CEC7 /* CTAppRootViewController.xib */; };
		465157F1200521E800B0CEC7 /* CTIntialDummyDataFiller.swift in Sources */ = {isa = PBXBuildFile; fileRef = 465157F0200521E800B0CEC7 /* CTIntialDummyDataFiller.swift */; };
		465157F52005391E00B0CEC7 /* CTCalendar+CoreDataClass.swift in Sources */ = {isa = PBXBuildFile; fileRef = 465157F32005391E00B0CEC7 /* CTCalendar+CoreDataClass.swift */; };
		465157F62005391E00B0CEC7 /* CTCalendar+CoreDataProperties.swift in Sources */ = {isa = PBXBuildFile; fileRef = 465157F42005391E00B0CEC7 /* CTCalendar+CoreDataProperties.swift */; };
		465157FA2005C06700B0CEC7 /* CTPerson+CoreDataClass.swift in Sources */ = {isa = PBXBuildFile; fileRef = 465157F82005C06700B0CEC7 /* CTPerson+CoreDataClass.swift */; };
		465157FB2005C06700B0CEC7 /* CTPerson+CoreDataProperties.swift in Sources */ = {isa = PBXBuildFile; fileRef = 465157F92005C06700B0CEC7 /* CTPerson+CoreDataProperties.swift */; };
		465157FE2005C41600B0CEC7 /* CTEvent+CoreDataClass.swift in Sources */ = {isa = PBXBuildFile; fileRef = 465157FC2005C41600B0CEC7 /* CTEvent+CoreDataClass.swift */; };
		465157FF2005C41600B0CEC7 /* CTEvent+CoreDataProperties.swift in Sources */ = {isa = PBXBuildFile; fileRef = 465157FD2005C41600B0CEC7 /* CTEvent+CoreDataProperties.swift */; };
		465158012005C52D00B0CEC7 /* CTAppConstants.swift in Sources */ = {isa = PBXBuildFile; fileRef = 465158002005C52D00B0CEC7 /* CTAppConstants.swift */; };
		465158032005DCD200B0CEC7 /* CTUIColorExtension.swift in Sources */ = {isa = PBXBuildFile; fileRef = 465158022005DCD200B0CEC7 /* CTUIColorExtension.swift */; };
		465158052005F6D300B0CEC7 /* CTCalCollectionViewCellUIData.swift in Sources */ = {isa = PBXBuildFile; fileRef = 465158042005F6D300B0CEC7 /* CTCalCollectionViewCellUIData.swift */; };
		465158082005FE3300B0CEC7 /* CTCalendarMonthViewerCellTableViewCell.swift in Sources */ = {isa = PBXBuildFile; fileRef = 465158062005FE3300B0CEC7 /* CTCalendarMonthViewerCellTableViewCell.swift */; };
		465158092005FE3300B0CEC7 /* CTCalendarMonthViewerCellTableViewCell.xib in Resources */ = {isa = PBXBuildFile; fileRef = 465158072005FE3300B0CEC7 /* CTCalendarMonthViewerCellTableViewCell.xib */; };
		4684683820046CEB007F71CF /* CTAppControl.swift in Sources */ = {isa = PBXBuildFile; fileRef = 4684683720046CEB007F71CF /* CTAppControl.swift */; };
		4684683A20046DE2007F71CF /* CTUIController.swift in Sources */ = {isa = PBXBuildFile; fileRef = 4684683920046DE2007F71CF /* CTUIController.swift */; };
		4684683C20046E48007F71CF /* CTAgendaViewDataHelper.swift in Sources */ = {isa = PBXBuildFile; fileRef = 4684683B20046E48007F71CF /* CTAgendaViewDataHelper.swift */; };
		4684684020047019007F71CF /* CTCentralContainerViewController.swift in Sources */ = {isa = PBXBuildFile; fileRef = 4684683E20047019007F71CF /* CTCentralContainerViewController.swift */; };
		4684684120047019007F71CF /* CTCentralContainerViewController.xib in Resources */ = {isa = PBXBuildFile; fileRef = 4684683F20047019007F71CF /* CTCentralContainerViewController.xib */; };
		4684684420047203007F71CF /* CTCalendarViewController.swift in Sources */ = {isa = PBXBuildFile; fileRef = 4684684220047203007F71CF /* CTCalendarViewController.swift */; };
		4684684520047203007F71CF /* CTCalendarViewController.xib in Resources */ = {isa = PBXBuildFile; fileRef = 4684684320047203007F71CF /* CTCalendarViewController.xib */; };
		4684684A20047403007F71CF /* CTCalDayViewCellCollectionViewCell.swift in Sources */ = {isa = PBXBuildFile; fileRef = 4684684820047403007F71CF /* CTCalDayViewCellCollectionViewCell.swift */; };
		4684684B20047403007F71CF /* CTCalDayViewCellCollectionViewCell.xib in Resources */ = {isa = PBXBuildFile; fileRef = 4684684920047403007F71CF /* CTCalDayViewCellCollectionViewCell.xib */; };
		4684684D200475E2007F71CF /* CTTopBarOnCentralView.swift in Sources */ = {isa = PBXBuildFile; fileRef = 4684684C200475E2007F71CF /* CTTopBarOnCentralView.swift */; };
		4684685120047B76007F71CF /* CTCentralControllerUIHelper.swift in Sources */ = {isa = PBXBuildFile; fileRef = 4684685020047B76007F71CF /* CTCentralControllerUIHelper.swift */; };
		4684685320048588007F71CF /* CTGeneralExtension.swift in Sources */ = {isa = PBXBuildFile; fileRef = 4684685220048588007F71CF /* CTGeneralExtension.swift */; };
		4684685620049D73007F71CF /* CTFont.swift in Sources */ = {isa = PBXBuildFile; fileRef = 4684685520049D73007F71CF /* CTFont.swift */; };
		468468582004A1DC007F71CF /* CTTopBarView.xib in Resources */ = {isa = PBXBuildFile; fileRef = 468468572004A1DC007F71CF /* CTTopBarView.xib */; };
		4684685A2004A233007F71CF /* CTBundleExtension.swift in Sources */ = {isa = PBXBuildFile; fileRef = 468468592004A233007F71CF /* CTBundleExtension.swift */; };
		468B3D8120072E2500A366F7 /* CTAgendaViewController.swift in Sources */ = {isa = PBXBuildFile; fileRef = 468B3D7F20072E2500A366F7 /* CTAgendaViewController.swift */; };
		468B3D8220072E2500A366F7 /* CTAgendaViewController.xib in Resources */ = {isa = PBXBuildFile; fileRef = 468B3D8020072E2500A366F7 /* CTAgendaViewController.xib */; };
		468B3D8420072F7400A366F7 /* CTDBQueryContentRequest.swift in Sources */ = {isa = PBXBuildFile; fileRef = 468B3D8320072F7400A366F7 /* CTDBQueryContentRequest.swift */; };
		468B3D862007455000A366F7 /* CTAgendaViewSectionUIData.swift in Sources */ = {isa = PBXBuildFile; fileRef = 468B3D852007455000A366F7 /* CTAgendaViewSectionUIData.swift */; };
		468B3D8A20074A2300A366F7 /* CTAgendaListUIHelper.swift in Sources */ = {isa = PBXBuildFile; fileRef = 468B3D8920074A2300A366F7 /* CTAgendaListUIHelper.swift */; };
		468B3D8D20075B4100A366F7 /* CTTitleOnlyRowTableViewCell.swift in Sources */ = {isa = PBXBuildFile; fileRef = 468B3D8B20075B4100A366F7 /* CTTitleOnlyRowTableViewCell.swift */; };
		468B3D8E20075B4100A366F7 /* CTTitleOnlyRowTableViewCell.xib in Resources */ = {isa = PBXBuildFile; fileRef = 468B3D8C20075B4100A366F7 /* CTTitleOnlyRowTableViewCell.xib */; };
		468B3D9520075B8400A366F7 /* CTTitleAndLocationTableViewCell.swift in Sources */ = {isa = PBXBuildFile; fileRef = 468B3D9320075B8400A366F7 /* CTTitleAndLocationTableViewCell.swift */; };
		468B3D9620075B8400A366F7 /* CTTitleAndLocationTableViewCell.xib in Resources */ = {isa = PBXBuildFile; fileRef = 468B3D9420075B8400A366F7 /* CTTitleAndLocationTableViewCell.xib */; };
		468B3D9920075B9C00A366F7 /* CTCompleteInfoTableViewCell.swift in Sources */ = {isa = PBXBuildFile; fileRef = 468B3D9720075B9C00A366F7 /* CTCompleteInfoTableViewCell.swift */; };
		468B3D9A20075B9C00A366F7 /* CTCompleteInfoTableViewCell.xib in Resources */ = {isa = PBXBuildFile; fileRef = 468B3D9820075B9C00A366F7 /* CTCompleteInfoTableViewCell.xib */; };
		468B3DA120076C8F00A366F7 /* CTAgendaSectionHeader.xib in Resources */ = {isa = PBXBuildFile; fileRef = 468B3DA020076C8F00A366F7 /* CTAgendaSectionHeader.xib */; };
		468B3DA320076CA600A366F7 /* CTAgendaSectionHeader.swift in Sources */ = {isa = PBXBuildFile; fileRef = 468B3DA220076CA600A366F7 /* CTAgendaSectionHeader.swift */; };
		468B3DA520076D8600A366F7 /* CTUIViewExtension.swift in Sources */ = {isa = PBXBuildFile; fileRef = 468B3DA420076D8600A366F7 /* CTUIViewExtension.swift */; };
		46C822872003D1020086061F /* AppDelegate.swift in Sources */ = {isa = PBXBuildFile; fileRef = 46C822862003D1020086061F /* AppDelegate.swift */; };
		46C822892003D1020086061F /* CTLaunchViewController.swift in Sources */ = {isa = PBXBuildFile; fileRef = 46C822882003D1020086061F /* CTLaunchViewController.swift */; };
		46C8228C2003D1020086061F /* Main.storyboard in Resources */ = {isa = PBXBuildFile; fileRef = 46C8228A2003D1020086061F /* Main.storyboard */; };
		46C8228E2003D1030086061F /* Assets.xcassets in Resources */ = {isa = PBXBuildFile; fileRef = 46C8228D2003D1030086061F /* Assets.xcassets */; };
		46C822912003D1030086061F /* LaunchScreen.storyboard in Resources */ = {isa = PBXBuildFile; fileRef = 46C8228F2003D1030086061F /* LaunchScreen.storyboard */; };
		46C8229C2003D1030086061F /* CalendarTestTests.swift in Sources */ = {isa = PBXBuildFile; fileRef = 46C8229B2003D1030086061F /* CalendarTestTests.swift */; };
		46C822A82003D2030086061F /* CTCalViewDataHelper.swift in Sources */ = {isa = PBXBuildFile; fileRef = 46C822A72003D2030086061F /* CTCalViewDataHelper.swift */; };
		46C822AB2003D33C0086061F /* CTDateExtension.swift in Sources */ = {isa = PBXBuildFile; fileRef = 46C822AA2003D33C0086061F /* CTDateExtension.swift */; };
		46C822AD2003D4F60086061F /* CTCalendarExtension.swift in Sources */ = {isa = PBXBuildFile; fileRef = 46C822AC2003D4F60086061F /* CTCalendarExtension.swift */; };
/* End PBXBuildFile section */

/* Begin PBXContainerItemProxy section */
		46C822982003D1030086061F /* PBXContainerItemProxy */ = {
			isa = PBXContainerItemProxy;
			containerPortal = 46C8227B2003D1020086061F /* Project object */;
			proxyType = 1;
			remoteGlobalIDString = 46C822822003D1020086061F;
			remoteInfo = CalendarTest;
		};
/* End PBXContainerItemProxy section */

/* Begin PBXFileReference section */
		465157E32004C02800B0CEC7 /* CTCalDateCalculationUtils.swift */ = {isa = PBXFileReference; lastKnownFileType = sourcecode.swift; path = CTCalDateCalculationUtils.swift; sourceTree = "<group>"; };
		465157E62005194700B0CEC7 /* CTCoreDataController.swift */ = {isa = PBXFileReference; lastKnownFileType = sourcecode.swift; path = CTCoreDataController.swift; sourceTree = "<group>"; };
		465157E92005196300B0CEC7 /* CTEventModel.xcdatamodel */ = {isa = PBXFileReference; lastKnownFileType = wrapper.xcdatamodel; path = CTEventModel.xcdatamodel; sourceTree = "<group>"; };
		465157EC20051D6C00B0CEC7 /* CTAppRootViewController.swift */ = {isa = PBXFileReference; lastKnownFileType = sourcecode.swift; path = CTAppRootViewController.swift; sourceTree = "<group>"; };
		465157ED20051D6C00B0CEC7 /* CTAppRootViewController.xib */ = {isa = PBXFileReference; lastKnownFileType = file.xib; path = CTAppRootViewController.xib; sourceTree = "<group>"; };
		465157F0200521E800B0CEC7 /* CTIntialDummyDataFiller.swift */ = {isa = PBXFileReference; lastKnownFileType = sourcecode.swift; path = CTIntialDummyDataFiller.swift; sourceTree = "<group>"; };
		465157F32005391E00B0CEC7 /* CTCalendar+CoreDataClass.swift */ = {isa = PBXFileReference; lastKnownFileType = sourcecode.swift; path = "CTCalendar+CoreDataClass.swift"; sourceTree = "<group>"; };
		465157F42005391E00B0CEC7 /* CTCalendar+CoreDataProperties.swift */ = {isa = PBXFileReference; lastKnownFileType = sourcecode.swift; path = "CTCalendar+CoreDataProperties.swift"; sourceTree = "<group>"; };
		465157F82005C06700B0CEC7 /* CTPerson+CoreDataClass.swift */ = {isa = PBXFileReference; lastKnownFileType = sourcecode.swift; path = "CTPerson+CoreDataClass.swift"; sourceTree = "<group>"; };
		465157F92005C06700B0CEC7 /* CTPerson+CoreDataProperties.swift */ = {isa = PBXFileReference; lastKnownFileType = sourcecode.swift; path = "CTPerson+CoreDataProperties.swift"; sourceTree = "<group>"; };
		465157FC2005C41600B0CEC7 /* CTEvent+CoreDataClass.swift */ = {isa = PBXFileReference; lastKnownFileType = sourcecode.swift; path = "CTEvent+CoreDataClass.swift"; sourceTree = "<group>"; };
		465157FD2005C41600B0CEC7 /* CTEvent+CoreDataProperties.swift */ = {isa = PBXFileReference; lastKnownFileType = sourcecode.swift; path = "CTEvent+CoreDataProperties.swift"; sourceTree = "<group>"; };
		465158002005C52D00B0CEC7 /* CTAppConstants.swift */ = {isa = PBXFileReference; lastKnownFileType = sourcecode.swift; path = CTAppConstants.swift; sourceTree = "<group>"; };
		465158022005DCD200B0CEC7 /* CTUIColorExtension.swift */ = {isa = PBXFileReference; lastKnownFileType = sourcecode.swift; path = CTUIColorExtension.swift; sourceTree = "<group>"; };
		465158042005F6D300B0CEC7 /* CTCalCollectionViewCellUIData.swift */ = {isa = PBXFileReference; lastKnownFileType = sourcecode.swift; path = CTCalCollectionViewCellUIData.swift; sourceTree = "<group>"; };
		465158062005FE3300B0CEC7 /* CTCalendarMonthViewerCellTableViewCell.swift */ = {isa = PBXFileReference; lastKnownFileType = sourcecode.swift; path = CTCalendarMonthViewerCellTableViewCell.swift; sourceTree = "<group>"; };
		465158072005FE3300B0CEC7 /* CTCalendarMonthViewerCellTableViewCell.xib */ = {isa = PBXFileReference; lastKnownFileType = file.xib; path = CTCalendarMonthViewerCellTableViewCell.xib; sourceTree = "<group>"; };
		4684683720046CEB007F71CF /* CTAppControl.swift */ = {isa = PBXFileReference; lastKnownFileType = sourcecode.swift; path = CTAppControl.swift; sourceTree = "<group>"; };
		4684683920046DE2007F71CF /* CTUIController.swift */ = {isa = PBXFileReference; lastKnownFileType = sourcecode.swift; path = CTUIController.swift; sourceTree = "<group>"; };
		4684683B20046E48007F71CF /* CTAgendaViewDataHelper.swift */ = {isa = PBXFileReference; lastKnownFileType = sourcecode.swift; path = CTAgendaViewDataHelper.swift; sourceTree = "<group>"; };
		4684683E20047019007F71CF /* CTCentralContainerViewController.swift */ = {isa = PBXFileReference; lastKnownFileType = sourcecode.swift; path = CTCentralContainerViewController.swift; sourceTree = "<group>"; };
		4684683F20047019007F71CF /* CTCentralContainerViewController.xib */ = {isa = PBXFileReference; lastKnownFileType = file.xib; path = CTCentralContainerViewController.xib; sourceTree = "<group>"; };
		4684684220047203007F71CF /* CTCalendarViewController.swift */ = {isa = PBXFileReference; lastKnownFileType = sourcecode.swift; path = CTCalendarViewController.swift; sourceTree = "<group>"; };
		4684684320047203007F71CF /* CTCalendarViewController.xib */ = {isa = PBXFileReference; lastKnownFileType = file.xib; path = CTCalendarViewController.xib; sourceTree = "<group>"; };
		4684684820047403007F71CF /* CTCalDayViewCellCollectionViewCell.swift */ = {isa = PBXFileReference; lastKnownFileType = sourcecode.swift; path = CTCalDayViewCellCollectionViewCell.swift; sourceTree = "<group>"; };
		4684684920047403007F71CF /* CTCalDayViewCellCollectionViewCell.xib */ = {isa = PBXFileReference; lastKnownFileType = file.xib; path = CTCalDayViewCellCollectionViewCell.xib; sourceTree = "<group>"; };
		4684684C200475E2007F71CF /* CTTopBarOnCentralView.swift */ = {isa = PBXFileReference; lastKnownFileType = sourcecode.swift; path = CTTopBarOnCentralView.swift; sourceTree = "<group>"; };
		4684685020047B76007F71CF /* CTCentralControllerUIHelper.swift */ = {isa = PBXFileReference; lastKnownFileType = sourcecode.swift; path = CTCentralControllerUIHelper.swift; sourceTree = "<group>"; };
		4684685220048588007F71CF /* CTGeneralExtension.swift */ = {isa = PBXFileReference; lastKnownFileType = sourcecode.swift; path = CTGeneralExtension.swift; sourceTree = "<group>"; };
		4684685520049D73007F71CF /* CTFont.swift */ = {isa = PBXFileReference; lastKnownFileType = sourcecode.swift; path = CTFont.swift; sourceTree = "<group>"; };
		468468572004A1DC007F71CF /* CTTopBarView.xib */ = {isa = PBXFileReference; lastKnownFileType = file.xib; path = CTTopBarView.xib; sourceTree = "<group>"; };
		468468592004A233007F71CF /* CTBundleExtension.swift */ = {isa = PBXFileReference; lastKnownFileType = sourcecode.swift; path = CTBundleExtension.swift; sourceTree = "<group>"; };
		468B3D7F20072E2500A366F7 /* CTAgendaViewController.swift */ = {isa = PBXFileReference; lastKnownFileType = sourcecode.swift; path = CTAgendaViewController.swift; sourceTree = "<group>"; };
		468B3D8020072E2500A366F7 /* CTAgendaViewController.xib */ = {isa = PBXFileReference; lastKnownFileType = file.xib; path = CTAgendaViewController.xib; sourceTree = "<group>"; };
		468B3D8320072F7400A366F7 /* CTDBQueryContentRequest.swift */ = {isa = PBXFileReference; lastKnownFileType = sourcecode.swift; path = CTDBQueryContentRequest.swift; sourceTree = "<group>"; };
		468B3D852007455000A366F7 /* CTAgendaViewSectionUIData.swift */ = {isa = PBXFileReference; lastKnownFileType = sourcecode.swift; path = CTAgendaViewSectionUIData.swift; sourceTree = "<group>"; };
		468B3D8920074A2300A366F7 /* CTAgendaListUIHelper.swift */ = {isa = PBXFileReference; lastKnownFileType = sourcecode.swift; path = CTAgendaListUIHelper.swift; sourceTree = "<group>"; };
		468B3D8B20075B4100A366F7 /* CTTitleOnlyRowTableViewCell.swift */ = {isa = PBXFileReference; lastKnownFileType = sourcecode.swift; path = CTTitleOnlyRowTableViewCell.swift; sourceTree = "<group>"; };
		468B3D8C20075B4100A366F7 /* CTTitleOnlyRowTableViewCell.xib */ = {isa = PBXFileReference; lastKnownFileType = file.xib; path = CTTitleOnlyRowTableViewCell.xib; sourceTree = "<group>"; };
		468B3D9320075B8400A366F7 /* CTTitleAndLocationTableViewCell.swift */ = {isa = PBXFileReference; lastKnownFileType = sourcecode.swift; path = CTTitleAndLocationTableViewCell.swift; sourceTree = "<group>"; };
		468B3D9420075B8400A366F7 /* CTTitleAndLocationTableViewCell.xib */ = {isa = PBXFileReference; lastKnownFileType = file.xib; path = CTTitleAndLocationTableViewCell.xib; sourceTree = "<group>"; };
		468B3D9720075B9C00A366F7 /* CTCompleteInfoTableViewCell.swift */ = {isa = PBXFileReference; lastKnownFileType = sourcecode.swift; path = CTCompleteInfoTableViewCell.swift; sourceTree = "<group>"; };
		468B3D9820075B9C00A366F7 /* CTCompleteInfoTableViewCell.xib */ = {isa = PBXFileReference; lastKnownFileType = file.xib; path = CTCompleteInfoTableViewCell.xib; sourceTree = "<group>"; };
		468B3DA020076C8F00A366F7 /* CTAgendaSectionHeader.xib */ = {isa = PBXFileReference; lastKnownFileType = file.xib; path = CTAgendaSectionHeader.xib; sourceTree = "<group>"; };
		468B3DA220076CA600A366F7 /* CTAgendaSectionHeader.swift */ = {isa = PBXFileReference; lastKnownFileType = sourcecode.swift; path = CTAgendaSectionHeader.swift; sourceTree = "<group>"; };
		468B3DA420076D8600A366F7 /* CTUIViewExtension.swift */ = {isa = PBXFileReference; lastKnownFileType = sourcecode.swift; path = CTUIViewExtension.swift; sourceTree = "<group>"; };
		46C822832003D1020086061F /* CalendarTest.app */ = {isa = PBXFileReference; explicitFileType = wrapper.application; includeInIndex = 0; path = CalendarTest.app; sourceTree = BUILT_PRODUCTS_DIR; };
		46C822862003D1020086061F /* AppDelegate.swift */ = {isa = PBXFileReference; lastKnownFileType = sourcecode.swift; path = AppDelegate.swift; sourceTree = "<group>"; };
		46C822882003D1020086061F /* CTLaunchViewController.swift */ = {isa = PBXFileReference; lastKnownFileType = sourcecode.swift; path = CTLaunchViewController.swift; sourceTree = "<group>"; };
		46C8228B2003D1020086061F /* Base */ = {isa = PBXFileReference; lastKnownFileType = file.storyboard; name = Base; path = Base.lproj/Main.storyboard; sourceTree = "<group>"; };
		46C8228D2003D1030086061F /* Assets.xcassets */ = {isa = PBXFileReference; lastKnownFileType = folder.assetcatalog; path = Assets.xcassets; sourceTree = "<group>"; };
		46C822902003D1030086061F /* Base */ = {isa = PBXFileReference; lastKnownFileType = file.storyboard; name = Base; path = Base.lproj/LaunchScreen.storyboard; sourceTree = "<group>"; };
		46C822922003D1030086061F /* Info.plist */ = {isa = PBXFileReference; lastKnownFileType = text.plist.xml; path = Info.plist; sourceTree = "<group>"; };
		46C822972003D1030086061F /* CalendarTestTests.xctest */ = {isa = PBXFileReference; explicitFileType = wrapper.cfbundle; includeInIndex = 0; path = CalendarTestTests.xctest; sourceTree = BUILT_PRODUCTS_DIR; };
		46C8229B2003D1030086061F /* CalendarTestTests.swift */ = {isa = PBXFileReference; lastKnownFileType = sourcecode.swift; path = CalendarTestTests.swift; sourceTree = "<group>"; };
		46C8229D2003D1030086061F /* Info.plist */ = {isa = PBXFileReference; lastKnownFileType = text.plist.xml; path = Info.plist; sourceTree = "<group>"; };
		46C822A72003D2030086061F /* CTCalViewDataHelper.swift */ = {isa = PBXFileReference; lastKnownFileType = sourcecode.swift; path = CTCalViewDataHelper.swift; sourceTree = "<group>"; };
		46C822AA2003D33C0086061F /* CTDateExtension.swift */ = {isa = PBXFileReference; lastKnownFileType = sourcecode.swift; path = CTDateExtension.swift; sourceTree = "<group>"; };
		46C822AC2003D4F60086061F /* CTCalendarExtension.swift */ = {isa = PBXFileReference; lastKnownFileType = sourcecode.swift; path = CTCalendarExtension.swift; sourceTree = "<group>"; };
/* End PBXFileReference section */

/* Begin PBXFrameworksBuildPhase section */
		46C822802003D1020086061F /* Frameworks */ = {
			isa = PBXFrameworksBuildPhase;
			buildActionMask = 2147483647;
			files = (
			);
			runOnlyForDeploymentPostprocessing = 0;
		};
		46C822942003D1030086061F /* Frameworks */ = {
			isa = PBXFrameworksBuildPhase;
			buildActionMask = 2147483647;
			files = (
			);
			runOnlyForDeploymentPostprocessing = 0;
		};
/* End PBXFrameworksBuildPhase section */

/* Begin PBXGroup section */
		465157E52005192B00B0CEC7 /* Core Data */ = {
			isa = PBXGroup;
			children = (
				465157F2200538FD00B0CEC7 /* Managed Subclasses */,
				465157E82005196300B0CEC7 /* CTEventModel.xcdatamodeld */,
				465157E62005194700B0CEC7 /* CTCoreDataController.swift */,
			);
			path = "Core Data";
			sourceTree = "<group>";
		};
		465157EB20051D4D00B0CEC7 /* UI Controller */ = {
			isa = PBXGroup;
			children = (
				4684683920046DE2007F71CF /* CTUIController.swift */,
				465157EC20051D6C00B0CEC7 /* CTAppRootViewController.swift */,
				465157ED20051D6C00B0CEC7 /* CTAppRootViewController.xib */,
			);
			path = "UI Controller";
			sourceTree = "<group>";
		};
		465157F2200538FD00B0CEC7 /* Managed Subclasses */ = {
			isa = PBXGroup;
			children = (
				465157FC2005C41600B0CEC7 /* CTEvent+CoreDataClass.swift */,
				465157FD2005C41600B0CEC7 /* CTEvent+CoreDataProperties.swift */,
				465157F82005C06700B0CEC7 /* CTPerson+CoreDataClass.swift */,
				465157F92005C06700B0CEC7 /* CTPerson+CoreDataProperties.swift */,
				465157F32005391E00B0CEC7 /* CTCalendar+CoreDataClass.swift */,
				465157F42005391E00B0CEC7 /* CTCalendar+CoreDataProperties.swift */,
			);
			path = "Managed Subclasses";
			sourceTree = "<group>";
		};
		465157F7200539B000B0CEC7 /* Supporting files */ = {
			isa = PBXGroup;
			children = (
				465158002005C52D00B0CEC7 /* CTAppConstants.swift */,
				46C822862003D1020086061F /* AppDelegate.swift */,
				46C822882003D1020086061F /* CTLaunchViewController.swift */,
				46C8228F2003D1030086061F /* LaunchScreen.storyboard */,
				46C8228A2003D1020086061F /* Main.storyboard */,
				46C8228D2003D1030086061F /* Assets.xcassets */,
			);
			path = "Supporting files";
			sourceTree = "<group>";
		};
		4684683620046CC8007F71CF /* App Launch */ = {
			isa = PBXGroup;
			children = (
				465157EB20051D4D00B0CEC7 /* UI Controller */,
				4684683720046CEB007F71CF /* CTAppControl.swift */,
			);
			path = "App Launch";
			sourceTree = "<group>";
		};
		4684683D20046FF7007F71CF /* Modules */ = {
			isa = PBXGroup;
			children = (
				4684685420049D5E007F71CF /* Utilities */,
				4684684620047264007F71CF /* Central UI Container */,
				468B3D7E20072E0000A366F7 /* Agenda View */,
				4684684720047274007F71CF /* Calendar View */,
				4684685B2004A773007F71CF /* Top bar */,
			);
			path = Modules;
			sourceTree = "<group>";
		};
		4684684620047264007F71CF /* Central UI Container */ = {
			isa = PBXGroup;
			children = (
				4684683E20047019007F71CF /* CTCentralContainerViewController.swift */,
				4684683F20047019007F71CF /* CTCentralContainerViewController.xib */,
				4684685020047B76007F71CF /* CTCentralControllerUIHelper.swift */,
			);
			path = "Central UI Container";
			sourceTree = "<group>";
		};
		4684684720047274007F71CF /* Calendar View */ = {
			isa = PBXGroup;
			children = (
				465157E32004C02800B0CEC7 /* CTCalDateCalculationUtils.swift */,
				4684684220047203007F71CF /* CTCalendarViewController.swift */,
				4684684320047203007F71CF /* CTCalendarViewController.xib */,
				4684684820047403007F71CF /* CTCalDayViewCellCollectionViewCell.swift */,
				4684684920047403007F71CF /* CTCalDayViewCellCollectionViewCell.xib */,
				465158062005FE3300B0CEC7 /* CTCalendarMonthViewerCellTableViewCell.swift */,
				465158072005FE3300B0CEC7 /* CTCalendarMonthViewerCellTableViewCell.xib */,
			);
			path = "Calendar View";
			sourceTree = "<group>";
		};
		4684685420049D5E007F71CF /* Utilities */ = {
			isa = PBXGroup;
			children = (
				4684685520049D73007F71CF /* CTFont.swift */,
			);
			path = Utilities;
			sourceTree = "<group>";
		};
		4684685B2004A773007F71CF /* Top bar */ = {
			isa = PBXGroup;
			children = (
				4684684C200475E2007F71CF /* CTTopBarOnCentralView.swift */,
				468468572004A1DC007F71CF /* CTTopBarView.xib */,
			);
			path = "Top bar";
			sourceTree = "<group>";
		};
		468B3D7E20072E0000A366F7 /* Agenda View */ = {
			isa = PBXGroup;
			children = (
				468B3D9B20075BA500A366F7 /* Agenda Table View Cells */,
				468B3D7F20072E2500A366F7 /* CTAgendaViewController.swift */,
				468B3D8020072E2500A366F7 /* CTAgendaViewController.xib */,
				468B3D8920074A2300A366F7 /* CTAgendaListUIHelper.swift */,
				468B3DA020076C8F00A366F7 /* CTAgendaSectionHeader.xib */,
				468B3DA220076CA600A366F7 /* CTAgendaSectionHeader.swift */,
			);
			path = "Agenda View";
			sourceTree = "<group>";
		};
		468B3D87200745D100A366F7 /* Calendar View Data */ = {
			isa = PBXGroup;
			children = (
				46C822A72003D2030086061F /* CTCalViewDataHelper.swift */,
				465158042005F6D300B0CEC7 /* CTCalCollectionViewCellUIData.swift */,
			);
			path = "Calendar View Data";
			sourceTree = "<group>";
		};
		468B3D88200745EA00A366F7 /* Agenda View Data */ = {
			isa = PBXGroup;
			children = (
				4684683B20046E48007F71CF /* CTAgendaViewDataHelper.swift */,
				468B3D852007455000A366F7 /* CTAgendaViewSectionUIData.swift */,
			);
			path = "Agenda View Data";
			sourceTree = "<group>";
		};
		468B3D9B20075BA500A366F7 /* Agenda Table View Cells */ = {
			isa = PBXGroup;
			children = (
				468B3D8B20075B4100A366F7 /* CTTitleOnlyRowTableViewCell.swift */,
				468B3D8C20075B4100A366F7 /* CTTitleOnlyRowTableViewCell.xib */,
				468B3D9320075B8400A366F7 /* CTTitleAndLocationTableViewCell.swift */,
				468B3D9420075B8400A366F7 /* CTTitleAndLocationTableViewCell.xib */,
				468B3D9720075B9C00A366F7 /* CTCompleteInfoTableViewCell.swift */,
				468B3D9820075B9C00A366F7 /* CTCompleteInfoTableViewCell.xib */,
			);
			path = "Agenda Table View Cells";
			sourceTree = "<group>";
		};
		46C8227A2003D1020086061F = {
			isa = PBXGroup;
			children = (
				46C822852003D1020086061F /* CalendarTest */,
				46C8229A2003D1030086061F /* CalendarTestTests */,
				46C822842003D1020086061F /* Products */,
			);
			sourceTree = "<group>";
		};
		46C822842003D1020086061F /* Products */ = {
			isa = PBXGroup;
			children = (
				46C822832003D1020086061F /* CalendarTest.app */,
				46C822972003D1030086061F /* CalendarTestTests.xctest */,
			);
			name = Products;
			sourceTree = "<group>";
		};
		46C822852003D1020086061F /* CalendarTest */ = {
			isa = PBXGroup;
			children = (
				46C822922003D1030086061F /* Info.plist */,
				465157F7200539B000B0CEC7 /* Supporting files */,
				4684683D20046FF7007F71CF /* Modules */,
				4684683620046CC8007F71CF /* App Launch */,
				46C822A92003D3280086061F /* Extensions */,
				46C822A62003D1C40086061F /* Data Helper */,
			);
			path = CalendarTest;
			sourceTree = "<group>";
		};
		46C8229A2003D1030086061F /* CalendarTestTests */ = {
			isa = PBXGroup;
			children = (
				46C8229B2003D1030086061F /* CalendarTestTests.swift */,
				46C8229D2003D1030086061F /* Info.plist */,
			);
			path = CalendarTestTests;
			sourceTree = "<group>";
		};
		46C822A62003D1C40086061F /* Data Helper */ = {
			isa = PBXGroup;
			children = (
				465157E52005192B00B0CEC7 /* Core Data */,
				468B3D87200745D100A366F7 /* Calendar View Data */,
				468B3D88200745EA00A366F7 /* Agenda View Data */,
				465157F0200521E800B0CEC7 /* CTIntialDummyDataFiller.swift */,
				468B3D8320072F7400A366F7 /* CTDBQueryContentRequest.swift */,
			);
			path = "Data Helper";
			sourceTree = "<group>";
		};
		46C822A92003D3280086061F /* Extensions */ = {
			isa = PBXGroup;
			children = (
				4684685220048588007F71CF /* CTGeneralExtension.swift */,
				46C822AA2003D33C0086061F /* CTDateExtension.swift */,
				46C822AC2003D4F60086061F /* CTCalendarExtension.swift */,
				468468592004A233007F71CF /* CTBundleExtension.swift */,
				465158022005DCD200B0CEC7 /* CTUIColorExtension.swift */,
				468B3DA420076D8600A366F7 /* CTUIViewExtension.swift */,
			);
			path = Extensions;
			sourceTree = "<group>";
		};
/* End PBXGroup section */

/* Begin PBXNativeTarget section */
		46C822822003D1020086061F /* CalendarTest */ = {
			isa = PBXNativeTarget;
			buildConfigurationList = 46C822A02003D1030086061F /* Build configuration list for PBXNativeTarget "CalendarTest" */;
			buildPhases = (
				46C8227F2003D1020086061F /* Sources */,
				46C822802003D1020086061F /* Frameworks */,
				46C822812003D1020086061F /* Resources */,
			);
			buildRules = (
			);
			dependencies = (
			);
			name = CalendarTest;
			productName = CalendarTest;
			productReference = 46C822832003D1020086061F /* CalendarTest.app */;
			productType = "com.apple.product-type.application";
		};
		46C822962003D1030086061F /* CalendarTestTests */ = {
			isa = PBXNativeTarget;
			buildConfigurationList = 46C822A32003D1030086061F /* Build configuration list for PBXNativeTarget "CalendarTestTests" */;
			buildPhases = (
				46C822932003D1030086061F /* Sources */,
				46C822942003D1030086061F /* Frameworks */,
				46C822952003D1030086061F /* Resources */,
			);
			buildRules = (
			);
			dependencies = (
				46C822992003D1030086061F /* PBXTargetDependency */,
			);
			name = CalendarTestTests;
			productName = CalendarTestTests;
			productReference = 46C822972003D1030086061F /* CalendarTestTests.xctest */;
			productType = "com.apple.product-type.bundle.unit-test";
		};
/* End PBXNativeTarget section */

/* Begin PBXProject section */
		46C8227B2003D1020086061F /* Project object */ = {
			isa = PBXProject;
			attributes = {
				LastSwiftUpdateCheck = 0920;
				LastUpgradeCheck = 0920;
				ORGANIZATIONNAME = Abhishek;
				TargetAttributes = {
					46C822822003D1020086061F = {
						CreatedOnToolsVersion = 9.2;
						ProvisioningStyle = Manual;
					};
					46C822962003D1030086061F = {
						CreatedOnToolsVersion = 9.2;
						ProvisioningStyle = Automatic;
						TestTargetID = 46C822822003D1020086061F;
					};
				};
			};
			buildConfigurationList = 46C8227E2003D1020086061F /* Build configuration list for PBXProject "CalendarTest" */;
			compatibilityVersion = "Xcode 8.0";
			developmentRegion = en;
			hasScannedForEncodings = 0;
			knownRegions = (
				en,
				Base,
			);
			mainGroup = 46C8227A2003D1020086061F;
			productRefGroup = 46C822842003D1020086061F /* Products */;
			projectDirPath = "";
			projectRoot = "";
			targets = (
				46C822822003D1020086061F /* CalendarTest */,
				46C822962003D1030086061F /* CalendarTestTests */,
			);
		};
/* End PBXProject section */

/* Begin PBXResourcesBuildPhase section */
		46C822812003D1020086061F /* Resources */ = {
			isa = PBXResourcesBuildPhase;
			buildActionMask = 2147483647;
			files = (
				4684684B20047403007F71CF /* CTCalDayViewCellCollectionViewCell.xib in Resources */,
				465158092005FE3300B0CEC7 /* CTCalendarMonthViewerCellTableViewCell.xib in Resources */,
				468B3D9A20075B9C00A366F7 /* CTCompleteInfoTableViewCell.xib in Resources */,
				4684684520047203007F71CF /* CTCalendarViewController.xib in Resources */,
				468B3D8220072E2500A366F7 /* CTAgendaViewController.xib in Resources */,
				46C822912003D1030086061F /* LaunchScreen.storyboard in Resources */,
				468B3D8E20075B4100A366F7 /* CTTitleOnlyRowTableViewCell.xib in Resources */,
				468B3D9620075B8400A366F7 /* CTTitleAndLocationTableViewCell.xib in Resources */,
				46C8228E2003D1030086061F /* Assets.xcassets in Resources */,
				46C8228C2003D1020086061F /* Main.storyboard in Resources */,
				468468582004A1DC007F71CF /* CTTopBarView.xib in Resources */,
				468B3DA120076C8F00A366F7 /* CTAgendaSectionHeader.xib in Resources */,
				465157EF20051D6C00B0CEC7 /* CTAppRootViewController.xib in Resources */,
				4684684120047019007F71CF /* CTCentralContainerViewController.xib in Resources */,
			);
			runOnlyForDeploymentPostprocessing = 0;
		};
		46C822952003D1030086061F /* Resources */ = {
			isa = PBXResourcesBuildPhase;
			buildActionMask = 2147483647;
			files = (
			);
			runOnlyForDeploymentPostprocessing = 0;
		};
/* End PBXResourcesBuildPhase section */

/* Begin PBXSourcesBuildPhase section */
		46C8227F2003D1020086061F /* Sources */ = {
			isa = PBXSourcesBuildPhase;
			buildActionMask = 2147483647;
			files = (
				4684685A2004A233007F71CF /* CTBundleExtension.swift in Sources */,
				465157E72005194700B0CEC7 /* CTCoreDataController.swift in Sources */,
				4684683A20046DE2007F71CF /* CTUIController.swift in Sources */,
				465157FF2005C41600B0CEC7 /* CTEvent+CoreDataProperties.swift in Sources */,
				468B3D9520075B8400A366F7 /* CTTitleAndLocationTableViewCell.swift in Sources */,
				4684685320048588007F71CF /* CTGeneralExtension.swift in Sources */,
				465157F1200521E800B0CEC7 /* CTIntialDummyDataFiller.swift in Sources */,
				468B3D8D20075B4100A366F7 /* CTTitleOnlyRowTableViewCell.swift in Sources */,
				468B3D8420072F7400A366F7 /* CTDBQueryContentRequest.swift in Sources */,
				46C822AD2003D4F60086061F /* CTCalendarExtension.swift in Sources */,
				465157FB2005C06700B0CEC7 /* CTPerson+CoreDataProperties.swift in Sources */,
				465158012005C52D00B0CEC7 /* CTAppConstants.swift in Sources */,
				46C822892003D1020086061F /* CTLaunchViewController.swift in Sources */,
				4684684420047203007F71CF /* CTCalendarViewController.swift in Sources */,
				468B3D8A20074A2300A366F7 /* CTAgendaListUIHelper.swift in Sources */,
				46C822AB2003D33C0086061F /* CTDateExtension.swift in Sources */,
				468B3D862007455000A366F7 /* CTAgendaViewSectionUIData.swift in Sources */,
				4684683C20046E48007F71CF /* CTAgendaViewDataHelper.swift in Sources */,
				468B3D8120072E2500A366F7 /* CTAgendaViewController.swift in Sources */,
				465157FE2005C41600B0CEC7 /* CTEvent+CoreDataClass.swift in Sources */,
				468B3DA320076CA600A366F7 /* CTAgendaSectionHeader.swift in Sources */,
				4684684D200475E2007F71CF /* CTTopBarOnCentralView.swift in Sources */,
				465157EE20051D6C00B0CEC7 /* CTAppRootViewController.swift in Sources */,
				4684685620049D73007F71CF /* CTFont.swift in Sources */,
				465157EA2005196300B0CEC7 /* CTEventModel.xcdatamodeld in Sources */,
				465158052005F6D300B0CEC7 /* CTCalCollectionViewCellUIData.swift in Sources */,
				465157E42004C02800B0CEC7 /* CTCalDateCalculationUtils.swift in Sources */,
				468B3D9920075B9C00A366F7 /* CTCompleteInfoTableViewCell.swift in Sources */,
				46C822A82003D2030086061F /* CTCalViewDataHelper.swift in Sources */,
				465157F52005391E00B0CEC7 /* CTCalendar+CoreDataClass.swift in Sources */,
				465157FA2005C06700B0CEC7 /* CTPerson+CoreDataClass.swift in Sources */,
				465158032005DCD200B0CEC7 /* CTUIColorExtension.swift in Sources */,
				4684684020047019007F71CF /* CTCentralContainerViewController.swift in Sources */,
				465157F62005391E00B0CEC7 /* CTCalendar+CoreDataProperties.swift in Sources */,
				4684685120047B76007F71CF /* CTCentralControllerUIHelper.swift in Sources */,
				4684683820046CEB007F71CF /* CTAppControl.swift in Sources */,
				465158082005FE3300B0CEC7 /* CTCalendarMonthViewerCellTableViewCell.swift in Sources */,
				4684684A20047403007F71CF /* CTCalDayViewCellCollectionViewCell.swift in Sources */,
				46C822872003D1020086061F /* AppDelegate.swift in Sources */,
				468B3DA520076D8600A366F7 /* CTUIViewExtension.swift in Sources */,
			);
			runOnlyForDeploymentPostprocessing = 0;
		};
		46C822932003D1030086061F /* Sources */ = {
			isa = PBXSourcesBuildPhase;
			buildActionMask = 2147483647;
			files = (
				46C8229C2003D1030086061F /* CalendarTestTests.swift in Sources */,
			);
			runOnlyForDeploymentPostprocessing = 0;
		};
/* End PBXSourcesBuildPhase section */

/* Begin PBXTargetDependency section */
		46C822992003D1030086061F /* PBXTargetDependency */ = {
			isa = PBXTargetDependency;
			target = 46C822822003D1020086061F /* CalendarTest */;
			targetProxy = 46C822982003D1030086061F /* PBXContainerItemProxy */;
		};
/* End PBXTargetDependency section */

/* Begin PBXVariantGroup section */
		46C8228A2003D1020086061F /* Main.storyboard */ = {
			isa = PBXVariantGroup;
			children = (
				46C8228B2003D1020086061F /* Base */,
			);
			name = Main.storyboard;
			sourceTree = "<group>";
		};
		46C8228F2003D1030086061F /* LaunchScreen.storyboard */ = {
			isa = PBXVariantGroup;
			children = (
				46C822902003D1030086061F /* Base */,
			);
			name = LaunchScreen.storyboard;
			sourceTree = "<group>";
		};
/* End PBXVariantGroup section */

/* Begin XCBuildConfiguration section */
		46C8229E2003D1030086061F /* Debug */ = {
			isa = XCBuildConfiguration;
			buildSettings = {
				ALWAYS_SEARCH_USER_PATHS = NO;
				CLANG_ANALYZER_NONNULL = YES;
				CLANG_ANALYZER_NUMBER_OBJECT_CONVERSION = YES_AGGRESSIVE;
				CLANG_CXX_LANGUAGE_STANDARD = "gnu++14";
				CLANG_CXX_LIBRARY = "libc++";
				CLANG_ENABLE_MODULES = YES;
				CLANG_ENABLE_OBJC_ARC = YES;
				CLANG_WARN_BLOCK_CAPTURE_AUTORELEASING = YES;
				CLANG_WARN_BOOL_CONVERSION = YES;
				CLANG_WARN_COMMA = YES;
				CLANG_WARN_CONSTANT_CONVERSION = YES;
				CLANG_WARN_DIRECT_OBJC_ISA_USAGE = YES_ERROR;
				CLANG_WARN_DOCUMENTATION_COMMENTS = YES;
				CLANG_WARN_EMPTY_BODY = YES;
				CLANG_WARN_ENUM_CONVERSION = YES;
				CLANG_WARN_INFINITE_RECURSION = YES;
				CLANG_WARN_INT_CONVERSION = YES;
				CLANG_WARN_NON_LITERAL_NULL_CONVERSION = YES;
				CLANG_WARN_OBJC_LITERAL_CONVERSION = YES;
				CLANG_WARN_OBJC_ROOT_CLASS = YES_ERROR;
				CLANG_WARN_RANGE_LOOP_ANALYSIS = YES;
				CLANG_WARN_STRICT_PROTOTYPES = YES;
				CLANG_WARN_SUSPICIOUS_MOVE = YES;
				CLANG_WARN_UNGUARDED_AVAILABILITY = YES_AGGRESSIVE;
				CLANG_WARN_UNREACHABLE_CODE = YES;
				CLANG_WARN__DUPLICATE_METHOD_MATCH = YES;
				CODE_SIGN_IDENTITY = "iPhone Developer";
				COPY_PHASE_STRIP = NO;
				DEBUG_INFORMATION_FORMAT = dwarf;
				ENABLE_STRICT_OBJC_MSGSEND = YES;
				ENABLE_TESTABILITY = YES;
				GCC_C_LANGUAGE_STANDARD = gnu11;
				GCC_DYNAMIC_NO_PIC = NO;
				GCC_NO_COMMON_BLOCKS = YES;
				GCC_OPTIMIZATION_LEVEL = 0;
				GCC_PREPROCESSOR_DEFINITIONS = (
					"DEBUG=1",
					"$(inherited)",
				);
				GCC_WARN_64_TO_32_BIT_CONVERSION = YES;
				GCC_WARN_ABOUT_RETURN_TYPE = YES_ERROR;
				GCC_WARN_UNDECLARED_SELECTOR = YES;
				GCC_WARN_UNINITIALIZED_AUTOS = YES_AGGRESSIVE;
				GCC_WARN_UNUSED_FUNCTION = YES;
				GCC_WARN_UNUSED_VARIABLE = YES;
				IPHONEOS_DEPLOYMENT_TARGET = 11.2;
				MTL_ENABLE_DEBUG_INFO = YES;
				ONLY_ACTIVE_ARCH = YES;
				SDKROOT = iphoneos;
				SWIFT_ACTIVE_COMPILATION_CONDITIONS = DEBUG;
				SWIFT_OPTIMIZATION_LEVEL = "-Onone";
			};
			name = Debug;
		};
		46C8229F2003D1030086061F /* Release */ = {
			isa = XCBuildConfiguration;
			buildSettings = {
				ALWAYS_SEARCH_USER_PATHS = NO;
				CLANG_ANALYZER_NONNULL = YES;
				CLANG_ANALYZER_NUMBER_OBJECT_CONVERSION = YES_AGGRESSIVE;
				CLANG_CXX_LANGUAGE_STANDARD = "gnu++14";
				CLANG_CXX_LIBRARY = "libc++";
				CLANG_ENABLE_MODULES = YES;
				CLANG_ENABLE_OBJC_ARC = YES;
				CLANG_WARN_BLOCK_CAPTURE_AUTORELEASING = YES;
				CLANG_WARN_BOOL_CONVERSION = YES;
				CLANG_WARN_COMMA = YES;
				CLANG_WARN_CONSTANT_CONVERSION = YES;
				CLANG_WARN_DIRECT_OBJC_ISA_USAGE = YES_ERROR;
				CLANG_WARN_DOCUMENTATION_COMMENTS = YES;
				CLANG_WARN_EMPTY_BODY = YES;
				CLANG_WARN_ENUM_CONVERSION = YES;
				CLANG_WARN_INFINITE_RECURSION = YES;
				CLANG_WARN_INT_CONVERSION = YES;
				CLANG_WARN_NON_LITERAL_NULL_CONVERSION = YES;
				CLANG_WARN_OBJC_LITERAL_CONVERSION = YES;
				CLANG_WARN_OBJC_ROOT_CLASS = YES_ERROR;
				CLANG_WARN_RANGE_LOOP_ANALYSIS = YES;
				CLANG_WARN_STRICT_PROTOTYPES = YES;
				CLANG_WARN_SUSPICIOUS_MOVE = YES;
				CLANG_WARN_UNGUARDED_AVAILABILITY = YES_AGGRESSIVE;
				CLANG_WARN_UNREACHABLE_CODE = YES;
				CLANG_WARN__DUPLICATE_METHOD_MATCH = YES;
				CODE_SIGN_IDENTITY = "iPhone Developer";
				COPY_PHASE_STRIP = NO;
				DEBUG_INFORMATION_FORMAT = "dwarf-with-dsym";
				ENABLE_NS_ASSERTIONS = NO;
				ENABLE_STRICT_OBJC_MSGSEND = YES;
				GCC_C_LANGUAGE_STANDARD = gnu11;
				GCC_NO_COMMON_BLOCKS = YES;
				GCC_WARN_64_TO_32_BIT_CONVERSION = YES;
				GCC_WARN_ABOUT_RETURN_TYPE = YES_ERROR;
				GCC_WARN_UNDECLARED_SELECTOR = YES;
				GCC_WARN_UNINITIALIZED_AUTOS = YES_AGGRESSIVE;
				GCC_WARN_UNUSED_FUNCTION = YES;
				GCC_WARN_UNUSED_VARIABLE = YES;
				IPHONEOS_DEPLOYMENT_TARGET = 11.2;
				MTL_ENABLE_DEBUG_INFO = NO;
				SDKROOT = iphoneos;
				SWIFT_OPTIMIZATION_LEVEL = "-Owholemodule";
				VALIDATE_PRODUCT = YES;
			};
			name = Release;
		};
		46C822A12003D1030086061F /* Debug */ = {
			isa = XCBuildConfiguration;
			buildSettings = {
				ASSETCATALOG_COMPILER_APPICON_NAME = AppIcon;
				CODE_SIGN_STYLE = Manual;
				DEVELOPMENT_TEAM = "";
				INFOPLIST_FILE = CalendarTest/Info.plist;
				LD_RUNPATH_SEARCH_PATHS = "$(inherited) @executable_path/Frameworks";
				PRODUCT_BUNDLE_IDENTIFIER = com.Abhishek.CalendarTest;
				PRODUCT_NAME = "$(TARGET_NAME)";
				PROVISIONING_PROFILE_SPECIFIER = "";
				SWIFT_VERSION = 4.0;
				TARGETED_DEVICE_FAMILY = "1,2";
			};
			name = Debug;
		};
		46C822A22003D1030086061F /* Release */ = {
			isa = XCBuildConfiguration;
			buildSettings = {
				ASSETCATALOG_COMPILER_APPICON_NAME = AppIcon;
				CODE_SIGN_STYLE = Manual;
				DEVELOPMENT_TEAM = "";
				INFOPLIST_FILE = CalendarTest/Info.plist;
				LD_RUNPATH_SEARCH_PATHS = "$(inherited) @executable_path/Frameworks";
				PRODUCT_BUNDLE_IDENTIFIER = com.Abhishek.CalendarTest;
				PRODUCT_NAME = "$(TARGET_NAME)";
				PROVISIONING_PROFILE_SPECIFIER = "";
				SWIFT_VERSION = 4.0;
				TARGETED_DEVICE_FAMILY = "1,2";
			};
			name = Release;
		};
		46C822A42003D1030086061F /* Debug */ = {
			isa = XCBuildConfiguration;
			buildSettings = {
				ALWAYS_EMBED_SWIFT_STANDARD_LIBRARIES = YES;
				BUNDLE_LOADER = "$(TEST_HOST)";
				CODE_SIGN_STYLE = Automatic;
				INFOPLIST_FILE = CalendarTestTests/Info.plist;
				LD_RUNPATH_SEARCH_PATHS = "$(inherited) @executable_path/Frameworks @loader_path/Frameworks";
				PRODUCT_BUNDLE_IDENTIFIER = com.Abhishek.CalendarTestTests;
				PRODUCT_NAME = "$(TARGET_NAME)";
				SWIFT_VERSION = 4.0;
				TARGETED_DEVICE_FAMILY = "1,2";
				TEST_HOST = "$(BUILT_PRODUCTS_DIR)/CalendarTest.app/CalendarTest";
			};
			name = Debug;
		};
		46C822A52003D1030086061F /* Release */ = {
			isa = XCBuildConfiguration;
			buildSettings = {
				ALWAYS_EMBED_SWIFT_STANDARD_LIBRARIES = YES;
				BUNDLE_LOADER = "$(TEST_HOST)";
				CODE_SIGN_STYLE = Automatic;
				INFOPLIST_FILE = CalendarTestTests/Info.plist;
				LD_RUNPATH_SEARCH_PATHS = "$(inherited) @executable_path/Frameworks @loader_path/Frameworks";
				PRODUCT_BUNDLE_IDENTIFIER = com.Abhishek.CalendarTestTests;
				PRODUCT_NAME = "$(TARGET_NAME)";
				SWIFT_VERSION = 4.0;
				TARGETED_DEVICE_FAMILY = "1,2";
				TEST_HOST = "$(BUILT_PRODUCTS_DIR)/CalendarTest.app/CalendarTest";
			};
			name = Release;
		};
/* End XCBuildConfiguration section */

/* Begin XCConfigurationList section */
		46C8227E2003D1020086061F /* Build configuration list for PBXProject "CalendarTest" */ = {
			isa = XCConfigurationList;
			buildConfigurations = (
				46C8229E2003D1030086061F /* Debug */,
				46C8229F2003D1030086061F /* Release */,
			);
			defaultConfigurationIsVisible = 0;
			defaultConfigurationName = Release;
		};
		46C822A02003D1030086061F /* Build configuration list for PBXNativeTarget "CalendarTest" */ = {
			isa = XCConfigurationList;
			buildConfigurations = (
				46C822A12003D1030086061F /* Debug */,
				46C822A22003D1030086061F /* Release */,
			);
			defaultConfigurationIsVisible = 0;
			defaultConfigurationName = Release;
		};
		46C822A32003D1030086061F /* Build configuration list for PBXNativeTarget "CalendarTestTests" */ = {
			isa = XCConfigurationList;
			buildConfigurations = (
				46C822A42003D1030086061F /* Debug */,
				46C822A52003D1030086061F /* Release */,
			);
			defaultConfigurationIsVisible = 0;
			defaultConfigurationName = Release;
		};
/* End XCConfigurationList section */

/* Begin XCVersionGroup section */
		465157E82005196300B0CEC7 /* CTEventModel.xcdatamodeld */ = {
			isa = XCVersionGroup;
			children = (
				465157E92005196300B0CEC7 /* CTEventModel.xcdatamodel */,
			);
			currentVersion = 465157E92005196300B0CEC7 /* CTEventModel.xcdatamodel */;
			path = CTEventModel.xcdatamodeld;
			sourceTree = "<group>";
			versionGroupType = wrapper.xcdatamodel;
		};
/* End XCVersionGroup section */
	};
	rootObject = 46C8227B2003D1020086061F /* Project object */;
}
